// !$*UTF8*$!
{
	archiveVersion = 1;
	classes = {
	};
	objectVersion = 50;
	objects = {

/* Begin PBXBuildFile section */
		1973D8912518DF150004D724 /* main.c in Sources */ = {isa = PBXBuildFile; fileRef = 1973D8902518DF150004D724 /* main.c */; };
		19780D3424EEAF0B00F0BFB9 /* main.c in Sources */ = {isa = PBXBuildFile; fileRef = 19780D3324EEAF0B00F0BFB9 /* main.c */; };
		19780D3F24EEB2D600F0BFB9 /* main.c in Sources */ = {isa = PBXBuildFile; fileRef = 19780D3E24EEB2D600F0BFB9 /* main.c */; };
		197A6683251738F2001BCBA8 /* main.c in Sources */ = {isa = PBXBuildFile; fileRef = 197A6682251738F2001BCBA8 /* main.c */; };
		19810D7524E6B3DF0034D2A5 /* main.c in Sources */ = {isa = PBXBuildFile; fileRef = 19810D7424E6B3DF0034D2A5 /* main.c */; };
		19810D8024E6C6DE0034D2A5 /* main.c in Sources */ = {isa = PBXBuildFile; fileRef = 19810D7F24E6C6DE0034D2A5 /* main.c */; };
		1982F19224E81F3700297F90 /* main.c in Sources */ = {isa = PBXBuildFile; fileRef = 1982F19124E81F3700297F90 /* main.c */; };
		1982F19D24E82EB100297F90 /* main.c in Sources */ = {isa = PBXBuildFile; fileRef = 1982F19C24E82EB100297F90 /* main.c */; };
		1988EB3024EEB877008CECC0 /* main.c in Sources */ = {isa = PBXBuildFile; fileRef = 1988EB2F24EEB877008CECC0 /* main.c */; };
		199A603124E80B2800EB3139 /* main.c in Sources */ = {isa = PBXBuildFile; fileRef = 199A603024E80B2800EB3139 /* main.c */; };
		199A603C24E80F1500EB3139 /* main.c in Sources */ = {isa = PBXBuildFile; fileRef = 199A603B24E80F1500EB3139 /* main.c */; };
		199A604724E81B7000EB3139 /* main.c in Sources */ = {isa = PBXBuildFile; fileRef = 199A604624E81B7000EB3139 /* main.c */; };
		199C925A25173B9000C61047 /* main.c in Sources */ = {isa = PBXBuildFile; fileRef = 199C925925173B9000C61047 /* main.c */; };
		19BD5C73251777ED00A0DA79 /* main.c in Sources */ = {isa = PBXBuildFile; fileRef = 19BD5C72251777ED00A0DA79 /* main.c */; };
		19BD5C9125177A3100A0DA79 /* main.c in Sources */ = {isa = PBXBuildFile; fileRef = 19BD5C9025177A3100A0DA79 /* main.c */; };
		19BD5CB02517844100A0DA79 /* main.c in Sources */ = {isa = PBXBuildFile; fileRef = 19BD5CAF2517844100A0DA79 /* main.c */; };
		19BD5CD02518DB4700A0DA79 /* main.c in Sources */ = {isa = PBXBuildFile; fileRef = 19BD5CCF2518DB4700A0DA79 /* main.c */; };
		19D98F1424EBF92600C3B1F1 /* main.c in Sources */ = {isa = PBXBuildFile; fileRef = 19D98F1324EBF92600C3B1F1 /* main.c */; };
		19D98F1F24EBFB1C00C3B1F1 /* main.c in Sources */ = {isa = PBXBuildFile; fileRef = 19D98F1E24EBFB1C00C3B1F1 /* main.c */; };
		19D98F2A24EC00E700C3B1F1 /* main.c in Sources */ = {isa = PBXBuildFile; fileRef = 19D98F2924EC00E700C3B1F1 /* main.c */; };
		19D98F3524EC042800C3B1F1 /* main.c in Sources */ = {isa = PBXBuildFile; fileRef = 19D98F3424EC042800C3B1F1 /* main.c */; };
		19F8077A24E18B7500FB58B3 /* main.c in Sources */ = {isa = PBXBuildFile; fileRef = 19F8077924E18B7500FB58B3 /* main.c */; };
		19F8078724E18DC100FB58B3 /* main.c in Sources */ = {isa = PBXBuildFile; fileRef = 19F8078624E18DC100FB58B3 /* main.c */; };
/* End PBXBuildFile section */

/* Begin PBXCopyFilesBuildPhase section */
		1973D88C2518DF150004D724 /* CopyFiles */ = {
			isa = PBXCopyFilesBuildPhase;
			buildActionMask = 2147483647;
			dstPath = /usr/share/man/man1/;
			dstSubfolderSpec = 0;
			files = (
			);
			runOnlyForDeploymentPostprocessing = 1;
		};
		19780D2F24EEAF0A00F0BFB9 /* CopyFiles */ = {
			isa = PBXCopyFilesBuildPhase;
			buildActionMask = 2147483647;
			dstPath = /usr/share/man/man1/;
			dstSubfolderSpec = 0;
			files = (
			);
			runOnlyForDeploymentPostprocessing = 1;
		};
		19780D3A24EEB2D600F0BFB9 /* CopyFiles */ = {
			isa = PBXCopyFilesBuildPhase;
			buildActionMask = 2147483647;
			dstPath = /usr/share/man/man1/;
			dstSubfolderSpec = 0;
			files = (
			);
			runOnlyForDeploymentPostprocessing = 1;
		};
		197A667E251738F1001BCBA8 /* CopyFiles */ = {
			isa = PBXCopyFilesBuildPhase;
			buildActionMask = 2147483647;
			dstPath = /usr/share/man/man1/;
			dstSubfolderSpec = 0;
			files = (
			);
			runOnlyForDeploymentPostprocessing = 1;
		};
		19810D7024E6B3DF0034D2A5 /* CopyFiles */ = {
			isa = PBXCopyFilesBuildPhase;
			buildActionMask = 2147483647;
			dstPath = /usr/share/man/man1/;
			dstSubfolderSpec = 0;
			files = (
			);
			runOnlyForDeploymentPostprocessing = 1;
		};
		19810D7B24E6C6DE0034D2A5 /* CopyFiles */ = {
			isa = PBXCopyFilesBuildPhase;
			buildActionMask = 2147483647;
			dstPath = /usr/share/man/man1/;
			dstSubfolderSpec = 0;
			files = (
			);
			runOnlyForDeploymentPostprocessing = 1;
		};
		1982F18D24E81F3700297F90 /* CopyFiles */ = {
			isa = PBXCopyFilesBuildPhase;
			buildActionMask = 2147483647;
			dstPath = /usr/share/man/man1/;
			dstSubfolderSpec = 0;
			files = (
			);
			runOnlyForDeploymentPostprocessing = 1;
		};
		1982F19824E82EB100297F90 /* CopyFiles */ = {
			isa = PBXCopyFilesBuildPhase;
			buildActionMask = 2147483647;
			dstPath = /usr/share/man/man1/;
			dstSubfolderSpec = 0;
			files = (
			);
			runOnlyForDeploymentPostprocessing = 1;
		};
		1988EB2B24EEB877008CECC0 /* CopyFiles */ = {
			isa = PBXCopyFilesBuildPhase;
			buildActionMask = 2147483647;
			dstPath = /usr/share/man/man1/;
			dstSubfolderSpec = 0;
			files = (
			);
			runOnlyForDeploymentPostprocessing = 1;
		};
		199A602C24E80B2800EB3139 /* CopyFiles */ = {
			isa = PBXCopyFilesBuildPhase;
			buildActionMask = 2147483647;
			dstPath = /usr/share/man/man1/;
			dstSubfolderSpec = 0;
			files = (
			);
			runOnlyForDeploymentPostprocessing = 1;
		};
		199A603724E80F1500EB3139 /* CopyFiles */ = {
			isa = PBXCopyFilesBuildPhase;
			buildActionMask = 2147483647;
			dstPath = /usr/share/man/man1/;
			dstSubfolderSpec = 0;
			files = (
			);
			runOnlyForDeploymentPostprocessing = 1;
		};
		199A604224E81B7000EB3139 /* CopyFiles */ = {
			isa = PBXCopyFilesBuildPhase;
			buildActionMask = 2147483647;
			dstPath = /usr/share/man/man1/;
			dstSubfolderSpec = 0;
			files = (
			);
			runOnlyForDeploymentPostprocessing = 1;
		};
		199C925525173B9000C61047 /* CopyFiles */ = {
			isa = PBXCopyFilesBuildPhase;
			buildActionMask = 2147483647;
			dstPath = /usr/share/man/man1/;
			dstSubfolderSpec = 0;
			files = (
			);
			runOnlyForDeploymentPostprocessing = 1;
		};
		19BD5C6E251777ED00A0DA79 /* CopyFiles */ = {
			isa = PBXCopyFilesBuildPhase;
			buildActionMask = 2147483647;
			dstPath = /usr/share/man/man1/;
			dstSubfolderSpec = 0;
			files = (
			);
			runOnlyForDeploymentPostprocessing = 1;
		};
		19BD5C8C25177A3100A0DA79 /* CopyFiles */ = {
			isa = PBXCopyFilesBuildPhase;
			buildActionMask = 2147483647;
			dstPath = /usr/share/man/man1/;
			dstSubfolderSpec = 0;
			files = (
			);
			runOnlyForDeploymentPostprocessing = 1;
		};
		19BD5CAB2517844100A0DA79 /* CopyFiles */ = {
			isa = PBXCopyFilesBuildPhase;
			buildActionMask = 2147483647;
			dstPath = /usr/share/man/man1/;
			dstSubfolderSpec = 0;
			files = (
			);
			runOnlyForDeploymentPostprocessing = 1;
		};
		19BD5CCB2518DB4700A0DA79 /* CopyFiles */ = {
			isa = PBXCopyFilesBuildPhase;
			buildActionMask = 2147483647;
			dstPath = /usr/share/man/man1/;
			dstSubfolderSpec = 0;
			files = (
			);
			runOnlyForDeploymentPostprocessing = 1;
		};
		19D98F0F24EBF92600C3B1F1 /* CopyFiles */ = {
			isa = PBXCopyFilesBuildPhase;
			buildActionMask = 2147483647;
			dstPath = /usr/share/man/man1/;
			dstSubfolderSpec = 0;
			files = (
			);
			runOnlyForDeploymentPostprocessing = 1;
		};
		19D98F1A24EBFB1C00C3B1F1 /* CopyFiles */ = {
			isa = PBXCopyFilesBuildPhase;
			buildActionMask = 2147483647;
			dstPath = /usr/share/man/man1/;
			dstSubfolderSpec = 0;
			files = (
			);
			runOnlyForDeploymentPostprocessing = 1;
		};
		19D98F2524EC00E700C3B1F1 /* CopyFiles */ = {
			isa = PBXCopyFilesBuildPhase;
			buildActionMask = 2147483647;
			dstPath = /usr/share/man/man1/;
			dstSubfolderSpec = 0;
			files = (
			);
			runOnlyForDeploymentPostprocessing = 1;
		};
		19D98F3024EC042700C3B1F1 /* CopyFiles */ = {
			isa = PBXCopyFilesBuildPhase;
			buildActionMask = 2147483647;
			dstPath = /usr/share/man/man1/;
			dstSubfolderSpec = 0;
			files = (
			);
			runOnlyForDeploymentPostprocessing = 1;
		};
		19F8077424E18B7500FB58B3 /* CopyFiles */ = {
			isa = PBXCopyFilesBuildPhase;
			buildActionMask = 2147483647;
			dstPath = /usr/share/man/man1/;
			dstSubfolderSpec = 0;
			files = (
			);
			runOnlyForDeploymentPostprocessing = 1;
		};
		19F8078224E18DC100FB58B3 /* CopyFiles */ = {
			isa = PBXCopyFilesBuildPhase;
			buildActionMask = 2147483647;
			dstPath = /usr/share/man/man1/;
			dstSubfolderSpec = 0;
			files = (
			);
			runOnlyForDeploymentPostprocessing = 1;
		};
/* End PBXCopyFilesBuildPhase section */

/* Begin PBXFileReference section */
		1973D88E2518DF150004D724 /* 优先队列应用 */ = {isa = PBXFileReference; explicitFileType = "compiled.mach-o.executable"; includeInIndex = 0; path = "优先队列应用"; sourceTree = BUILT_PRODUCTS_DIR; };
		1973D8902518DF150004D724 /* main.c */ = {isa = PBXFileReference; lastKnownFileType = sourcecode.c.c; path = main.c; sourceTree = "<group>"; };
		19780D3124EEAF0A00F0BFB9 /* BUAA-OJ13-公公偏头痛 */ = {isa = PBXFileReference; explicitFileType = "compiled.mach-o.executable"; includeInIndex = 0; path = "BUAA-OJ13-公公偏头痛"; sourceTree = BUILT_PRODUCTS_DIR; };
		19780D3324EEAF0B00F0BFB9 /* main.c */ = {isa = PBXFileReference; lastKnownFileType = sourcecode.c.c; path = main.c; sourceTree = "<group>"; };
		19780D3C24EEB2D600F0BFB9 /* BUAA-OJ14-名侦探柯南之陷阱 */ = {isa = PBXFileReference; explicitFileType = "compiled.mach-o.executable"; includeInIndex = 0; path = "BUAA-OJ14-名侦探柯南之陷阱"; sourceTree = BUILT_PRODUCTS_DIR; };
		19780D3E24EEB2D600F0BFB9 /* main.c */ = {isa = PBXFileReference; lastKnownFileType = sourcecode.c.c; path = main.c; sourceTree = "<group>"; };
		197A6680251738F1001BCBA8 /* BUAA-OJ 感受学长的爱意 */ = {isa = PBXFileReference; explicitFileType = "compiled.mach-o.executable"; includeInIndex = 0; path = "BUAA-OJ 感受学长的爱意"; sourceTree = BUILT_PRODUCTS_DIR; };
		197A6682251738F2001BCBA8 /* main.c */ = {isa = PBXFileReference; lastKnownFileType = sourcecode.c.c; path = main.c; sourceTree = "<group>"; };
		19810D7224E6B3DF0034D2A5 /* BUAA-OJ2 */ = {isa = PBXFileReference; explicitFileType = "compiled.mach-o.executable"; includeInIndex = 0; path = "BUAA-OJ2"; sourceTree = BUILT_PRODUCTS_DIR; };
		19810D7424E6B3DF0034D2A5 /* main.c */ = {isa = PBXFileReference; lastKnownFileType = sourcecode.c.c; path = main.c; sourceTree = "<group>"; };
		19810D7D24E6C6DE0034D2A5 /* BUAA-OJ3 */ = {isa = PBXFileReference; explicitFileType = "compiled.mach-o.executable"; includeInIndex = 0; path = "BUAA-OJ3"; sourceTree = BUILT_PRODUCTS_DIR; };
		19810D7F24E6C6DE0034D2A5 /* main.c */ = {isa = PBXFileReference; lastKnownFileType = sourcecode.c.c; path = main.c; sourceTree = "<group>"; };
		1982F18F24E81F3700297F90 /* BUAA-OJ7 */ = {isa = PBXFileReference; explicitFileType = "compiled.mach-o.executable"; includeInIndex = 0; path = "BUAA-OJ7"; sourceTree = BUILT_PRODUCTS_DIR; };
		1982F19124E81F3700297F90 /* main.c */ = {isa = PBXFileReference; lastKnownFileType = sourcecode.c.c; path = main.c; sourceTree = "<group>"; };
		1982F19A24E82EB100297F90 /* BUAA-OJ8-creeper学妹的计算题 */ = {isa = PBXFileReference; explicitFileType = "compiled.mach-o.executable"; includeInIndex = 0; path = "BUAA-OJ8-creeper学妹的计算题"; sourceTree = BUILT_PRODUCTS_DIR; };
		1982F19C24E82EB100297F90 /* main.c */ = {isa = PBXFileReference; lastKnownFileType = sourcecode.c.c; path = main.c; sourceTree = "<group>"; };
		1988EB2D24EEB877008CECC0 /* BUAA-OJ15-名侦探柯南之陷阱升级版 */ = {isa = PBXFileReference; explicitFileType = "compiled.mach-o.executable"; includeInIndex = 0; path = "BUAA-OJ15-名侦探柯南之陷阱升级版"; sourceTree = BUILT_PRODUCTS_DIR; };
		1988EB2F24EEB877008CECC0 /* main.c */ = {isa = PBXFileReference; lastKnownFileType = sourcecode.c.c; path = main.c; sourceTree = "<group>"; };
		199A602E24E80B2800EB3139 /* BUAA-OJ4 */ = {isa = PBXFileReference; explicitFileType = "compiled.mach-o.executable"; includeInIndex = 0; path = "BUAA-OJ4"; sourceTree = BUILT_PRODUCTS_DIR; };
		199A603024E80B2800EB3139 /* main.c */ = {isa = PBXFileReference; lastKnownFileType = sourcecode.c.c; path = main.c; sourceTree = "<group>"; };
		199A603924E80F1500EB3139 /* BUAA-OJ5 */ = {isa = PBXFileReference; explicitFileType = "compiled.mach-o.executable"; includeInIndex = 0; path = "BUAA-OJ5"; sourceTree = BUILT_PRODUCTS_DIR; };
		199A603B24E80F1500EB3139 /* main.c */ = {isa = PBXFileReference; lastKnownFileType = sourcecode.c.c; path = main.c; sourceTree = "<group>"; };
		199A604424E81B7000EB3139 /* BUAA-OJ6 */ = {isa = PBXFileReference; explicitFileType = "compiled.mach-o.executable"; includeInIndex = 0; path = "BUAA-OJ6"; sourceTree = BUILT_PRODUCTS_DIR; };
		199A604624E81B7000EB3139 /* main.c */ = {isa = PBXFileReference; lastKnownFileType = sourcecode.c.c; path = main.c; sourceTree = "<group>"; };
		199C925725173B9000C61047 /* test */ = {isa = PBXFileReference; explicitFileType = "compiled.mach-o.executable"; includeInIndex = 0; path = test; sourceTree = BUILT_PRODUCTS_DIR; };
		199C925925173B9000C61047 /* main.c */ = {isa = PBXFileReference; lastKnownFileType = sourcecode.c.c; path = main.c; sourceTree = "<group>"; };
		19BD5C70251777ED00A0DA79 /* 判断三角形 */ = {isa = PBXFileReference; explicitFileType = "compiled.mach-o.executable"; includeInIndex = 0; path = "判断三角形"; sourceTree = BUILT_PRODUCTS_DIR; };
		19BD5C72251777ED00A0DA79 /* main.c */ = {isa = PBXFileReference; lastKnownFileType = sourcecode.c.c; path = main.c; sourceTree = "<group>"; };
		19BD5C8E25177A3100A0DA79 /* 活着的数 */ = {isa = PBXFileReference; explicitFileType = "compiled.mach-o.executable"; includeInIndex = 0; path = "活着的数"; sourceTree = BUILT_PRODUCTS_DIR; };
		19BD5C9025177A3100A0DA79 /* main.c */ = {isa = PBXFileReference; lastKnownFileType = sourcecode.c.c; path = main.c; sourceTree = "<group>"; };
		19BD5CAD2517844100A0DA79 /* jhljx水水的签到题 */ = {isa = PBXFileReference; explicitFileType = "compiled.mach-o.executable"; includeInIndex = 0; path = "jhljx水水的签到题"; sourceTree = BUILT_PRODUCTS_DIR; };
		19BD5CAF2517844100A0DA79 /* main.c */ = {isa = PBXFileReference; lastKnownFileType = sourcecode.c.c; path = main.c; sourceTree = "<group>"; };
		19BD5CCD2518DB4700A0DA79 /* 水水的比较大小 */ = {isa = PBXFileReference; explicitFileType = "compiled.mach-o.executable"; includeInIndex = 0; path = "水水的比较大小"; sourceTree = BUILT_PRODUCTS_DIR; };
		19BD5CCF2518DB4700A0DA79 /* main.c */ = {isa = PBXFileReference; lastKnownFileType = sourcecode.c.c; path = main.c; sourceTree = "<group>"; };
		19D98F1124EBF92600C3B1F1 /* BUAA-OJ9-快来帮猪脚 */ = {isa = PBXFileReference; explicitFileType = "compiled.mach-o.executable"; includeInIndex = 0; path = "BUAA-OJ9-快来帮猪脚"; sourceTree = BUILT_PRODUCTS_DIR; };
		19D98F1324EBF92600C3B1F1 /* main.c */ = {isa = PBXFileReference; lastKnownFileType = sourcecode.c.c; path = main.c; sourceTree = "<group>"; };
		19D98F1C24EBFB1C00C3B1F1 /* BUAA-OJ10-大家快来刷TD啊 */ = {isa = PBXFileReference; explicitFileType = "compiled.mach-o.executable"; includeInIndex = 0; path = "BUAA-OJ10-大家快来刷TD啊"; sourceTree = BUILT_PRODUCTS_DIR; };
		19D98F1E24EBFB1C00C3B1F1 /* main.c */ = {isa = PBXFileReference; lastKnownFileType = sourcecode.c.c; path = main.c; sourceTree = "<group>"; };
		19D98F2724EC00E700C3B1F1 /* BUAA-OJ11-水-a+b */ = {isa = PBXFileReference; explicitFileType = "compiled.mach-o.executable"; includeInIndex = 0; path = "BUAA-OJ11-水-a+b"; sourceTree = BUILT_PRODUCTS_DIR; };
		19D98F2924EC00E700C3B1F1 /* main.c */ = {isa = PBXFileReference; lastKnownFileType = sourcecode.c.c; path = main.c; sourceTree = "<group>"; };
		19D98F3224EC042700C3B1F1 /* BUAA-OJ12-大家都来分级啦 */ = {isa = PBXFileReference; explicitFileType = "compiled.mach-o.executable"; includeInIndex = 0; path = "BUAA-OJ12-大家都来分级啦"; sourceTree = BUILT_PRODUCTS_DIR; };
		19D98F3424EC042800C3B1F1 /* main.c */ = {isa = PBXFileReference; lastKnownFileType = sourcecode.c.c; path = main.c; sourceTree = "<group>"; };
		19F8077624E18B7500FB58B3 /* BAUU-OJ */ = {isa = PBXFileReference; explicitFileType = "compiled.mach-o.executable"; includeInIndex = 0; path = "BAUU-OJ"; sourceTree = BUILT_PRODUCTS_DIR; };
		19F8077924E18B7500FB58B3 /* main.c */ = {isa = PBXFileReference; lastKnownFileType = sourcecode.c.c; path = main.c; sourceTree = "<group>"; };
		19F8078424E18DC100FB58B3 /* BAUU-OJ1 */ = {isa = PBXFileReference; explicitFileType = "compiled.mach-o.executable"; includeInIndex = 0; path = "BAUU-OJ1"; sourceTree = BUILT_PRODUCTS_DIR; };
		19F8078624E18DC100FB58B3 /* main.c */ = {isa = PBXFileReference; lastKnownFileType = sourcecode.c.c; path = main.c; sourceTree = "<group>"; };
/* End PBXFileReference section */

/* Begin PBXFrameworksBuildPhase section */
		1973D88B2518DF150004D724 /* Frameworks */ = {
			isa = PBXFrameworksBuildPhase;
			buildActionMask = 2147483647;
			files = (
			);
			runOnlyForDeploymentPostprocessing = 0;
		};
		19780D2E24EEAF0A00F0BFB9 /* Frameworks */ = {
			isa = PBXFrameworksBuildPhase;
			buildActionMask = 2147483647;
			files = (
			);
			runOnlyForDeploymentPostprocessing = 0;
		};
		19780D3924EEB2D600F0BFB9 /* Frameworks */ = {
			isa = PBXFrameworksBuildPhase;
			buildActionMask = 2147483647;
			files = (
			);
			runOnlyForDeploymentPostprocessing = 0;
		};
		197A667D251738F1001BCBA8 /* Frameworks */ = {
			isa = PBXFrameworksBuildPhase;
			buildActionMask = 2147483647;
			files = (
			);
			runOnlyForDeploymentPostprocessing = 0;
		};
		19810D6F24E6B3DF0034D2A5 /* Frameworks */ = {
			isa = PBXFrameworksBuildPhase;
			buildActionMask = 2147483647;
			files = (
			);
			runOnlyForDeploymentPostprocessing = 0;
		};
		19810D7A24E6C6DE0034D2A5 /* Frameworks */ = {
			isa = PBXFrameworksBuildPhase;
			buildActionMask = 2147483647;
			files = (
			);
			runOnlyForDeploymentPostprocessing = 0;
		};
		1982F18C24E81F3700297F90 /* Frameworks */ = {
			isa = PBXFrameworksBuildPhase;
			buildActionMask = 2147483647;
			files = (
			);
			runOnlyForDeploymentPostprocessing = 0;
		};
		1982F19724E82EB100297F90 /* Frameworks */ = {
			isa = PBXFrameworksBuildPhase;
			buildActionMask = 2147483647;
			files = (
			);
			runOnlyForDeploymentPostprocessing = 0;
		};
		1988EB2A24EEB877008CECC0 /* Frameworks */ = {
			isa = PBXFrameworksBuildPhase;
			buildActionMask = 2147483647;
			files = (
			);
			runOnlyForDeploymentPostprocessing = 0;
		};
		199A602B24E80B2800EB3139 /* Frameworks */ = {
			isa = PBXFrameworksBuildPhase;
			buildActionMask = 2147483647;
			files = (
			);
			runOnlyForDeploymentPostprocessing = 0;
		};
		199A603624E80F1500EB3139 /* Frameworks */ = {
			isa = PBXFrameworksBuildPhase;
			buildActionMask = 2147483647;
			files = (
			);
			runOnlyForDeploymentPostprocessing = 0;
		};
		199A604124E81B7000EB3139 /* Frameworks */ = {
			isa = PBXFrameworksBuildPhase;
			buildActionMask = 2147483647;
			files = (
			);
			runOnlyForDeploymentPostprocessing = 0;
		};
		199C925425173B9000C61047 /* Frameworks */ = {
			isa = PBXFrameworksBuildPhase;
			buildActionMask = 2147483647;
			files = (
			);
			runOnlyForDeploymentPostprocessing = 0;
		};
		19BD5C6D251777ED00A0DA79 /* Frameworks */ = {
			isa = PBXFrameworksBuildPhase;
			buildActionMask = 2147483647;
			files = (
			);
			runOnlyForDeploymentPostprocessing = 0;
		};
		19BD5C8B25177A3100A0DA79 /* Frameworks */ = {
			isa = PBXFrameworksBuildPhase;
			buildActionMask = 2147483647;
			files = (
			);
			runOnlyForDeploymentPostprocessing = 0;
		};
		19BD5CAA2517844100A0DA79 /* Frameworks */ = {
			isa = PBXFrameworksBuildPhase;
			buildActionMask = 2147483647;
			files = (
			);
			runOnlyForDeploymentPostprocessing = 0;
		};
		19BD5CCA2518DB4700A0DA79 /* Frameworks */ = {
			isa = PBXFrameworksBuildPhase;
			buildActionMask = 2147483647;
			files = (
			);
			runOnlyForDeploymentPostprocessing = 0;
		};
		19D98F0E24EBF92600C3B1F1 /* Frameworks */ = {
			isa = PBXFrameworksBuildPhase;
			buildActionMask = 2147483647;
			files = (
			);
			runOnlyForDeploymentPostprocessing = 0;
		};
		19D98F1924EBFB1C00C3B1F1 /* Frameworks */ = {
			isa = PBXFrameworksBuildPhase;
			buildActionMask = 2147483647;
			files = (
			);
			runOnlyForDeploymentPostprocessing = 0;
		};
		19D98F2424EC00E700C3B1F1 /* Frameworks */ = {
			isa = PBXFrameworksBuildPhase;
			buildActionMask = 2147483647;
			files = (
			);
			runOnlyForDeploymentPostprocessing = 0;
		};
		19D98F2F24EC042700C3B1F1 /* Frameworks */ = {
			isa = PBXFrameworksBuildPhase;
			buildActionMask = 2147483647;
			files = (
			);
			runOnlyForDeploymentPostprocessing = 0;
		};
		19F8077324E18B7500FB58B3 /* Frameworks */ = {
			isa = PBXFrameworksBuildPhase;
			buildActionMask = 2147483647;
			files = (
			);
			runOnlyForDeploymentPostprocessing = 0;
		};
		19F8078124E18DC100FB58B3 /* Frameworks */ = {
			isa = PBXFrameworksBuildPhase;
			buildActionMask = 2147483647;
			files = (
			);
			runOnlyForDeploymentPostprocessing = 0;
		};
/* End PBXFrameworksBuildPhase section */

/* Begin PBXGroup section */
		1973D88F2518DF150004D724 /* 优先队列应用 */ = {
			isa = PBXGroup;
			children = (
				1973D8902518DF150004D724 /* main.c */,
			);
			path = "优先队列应用";
			sourceTree = "<group>";
		};
		19780D3224EEAF0A00F0BFB9 /* BUAA-OJ13-公公偏头痛 */ = {
			isa = PBXGroup;
			children = (
				19780D3324EEAF0B00F0BFB9 /* main.c */,
			);
			path = "BUAA-OJ13-公公偏头痛";
			sourceTree = "<group>";
		};
		19780D3D24EEB2D600F0BFB9 /* BUAA-OJ14-名侦探柯南之陷阱 */ = {
			isa = PBXGroup;
			children = (
				19780D3E24EEB2D600F0BFB9 /* main.c */,
			);
			path = "BUAA-OJ14-名侦探柯南之陷阱";
			sourceTree = "<group>";
		};
		197A6681251738F2001BCBA8 /* BUAA-OJ 感受学长的爱意 */ = {
			isa = PBXGroup;
			children = (
				197A6682251738F2001BCBA8 /* main.c */,
			);
			path = "BUAA-OJ 感受学长的爱意";
			sourceTree = "<group>";
		};
		19810D7324E6B3DF0034D2A5 /* BUAA-OJ2 */ = {
			isa = PBXGroup;
			children = (
				19810D7424E6B3DF0034D2A5 /* main.c */,
			);
			path = "BUAA-OJ2";
			sourceTree = "<group>";
		};
		19810D7E24E6C6DE0034D2A5 /* BUAA-OJ3 */ = {
			isa = PBXGroup;
			children = (
				19810D7F24E6C6DE0034D2A5 /* main.c */,
			);
			path = "BUAA-OJ3";
			sourceTree = "<group>";
		};
		1982F19024E81F3700297F90 /* BUAA-OJ7 */ = {
			isa = PBXGroup;
			children = (
				1982F19124E81F3700297F90 /* main.c */,
			);
			path = "BUAA-OJ7";
			sourceTree = "<group>";
		};
		1982F19B24E82EB100297F90 /* BUAA-OJ8-creeper学妹的计算题 */ = {
			isa = PBXGroup;
			children = (
				1982F19C24E82EB100297F90 /* main.c */,
			);
			path = "BUAA-OJ8-creeper学妹的计算题";
			sourceTree = "<group>";
		};
		1988EB2E24EEB877008CECC0 /* BUAA-OJ15-名侦探柯南之陷阱升级版 */ = {
			isa = PBXGroup;
			children = (
				1988EB2F24EEB877008CECC0 /* main.c */,
			);
			path = "BUAA-OJ15-名侦探柯南之陷阱升级版";
			sourceTree = "<group>";
		};
		199A602F24E80B2800EB3139 /* BUAA-OJ4 */ = {
			isa = PBXGroup;
			children = (
				199A603024E80B2800EB3139 /* main.c */,
			);
			path = "BUAA-OJ4";
			sourceTree = "<group>";
		};
		199A603A24E80F1500EB3139 /* BUAA-OJ5 */ = {
			isa = PBXGroup;
			children = (
				199A603B24E80F1500EB3139 /* main.c */,
			);
			path = "BUAA-OJ5";
			sourceTree = "<group>";
		};
		199A604524E81B7000EB3139 /* BUAA-OJ6 */ = {
			isa = PBXGroup;
			children = (
				199A604624E81B7000EB3139 /* main.c */,
			);
			path = "BUAA-OJ6";
			sourceTree = "<group>";
		};
		199C925825173B9000C61047 /* test */ = {
			isa = PBXGroup;
			children = (
				199C925925173B9000C61047 /* main.c */,
			);
			path = test;
			sourceTree = "<group>";
		};
		19BD5C71251777ED00A0DA79 /* 判断三角形 */ = {
			isa = PBXGroup;
			children = (
				19BD5C72251777ED00A0DA79 /* main.c */,
			);
			path = "判断三角形";
			sourceTree = "<group>";
		};
		19BD5C8F25177A3100A0DA79 /* 活着的数（没做出来） */ = {
			isa = PBXGroup;
			children = (
				19BD5C9025177A3100A0DA79 /* main.c */,
			);
			path = "活着的数（没做出来）";
			sourceTree = "<group>";
		};
		19BD5CAE2517844100A0DA79 /* jhljx水水的签到题 */ = {
			isa = PBXGroup;
			children = (
				19BD5CAF2517844100A0DA79 /* main.c */,
			);
			path = "jhljx水水的签到题";
			sourceTree = "<group>";
		};
		19BD5CCE2518DB4700A0DA79 /* 水水的比较大小 */ = {
			isa = PBXGroup;
			children = (
				19BD5CCF2518DB4700A0DA79 /* main.c */,
			);
			path = "水水的比较大小";
			sourceTree = "<group>";
		};
		19D98F1224EBF92600C3B1F1 /* BUAA-OJ9-快来帮猪脚 */ = {
			isa = PBXGroup;
			children = (
				19D98F1324EBF92600C3B1F1 /* main.c */,
			);
			path = "BUAA-OJ9-快来帮猪脚";
			sourceTree = "<group>";
		};
		19D98F1D24EBFB1C00C3B1F1 /* BUAA-OJ10-大家快来刷TD啊 */ = {
			isa = PBXGroup;
			children = (
				19D98F1E24EBFB1C00C3B1F1 /* main.c */,
			);
			path = "BUAA-OJ10-大家快来刷TD啊";
			sourceTree = "<group>";
		};
		19D98F2824EC00E700C3B1F1 /* BUAA-OJ11-水-a+b */ = {
			isa = PBXGroup;
			children = (
				19D98F2924EC00E700C3B1F1 /* main.c */,
			);
			path = "BUAA-OJ11-水-a+b";
			sourceTree = "<group>";
		};
		19D98F3324EC042800C3B1F1 /* BUAA-OJ12-大家都来分级啦 */ = {
			isa = PBXGroup;
			children = (
				19D98F3424EC042800C3B1F1 /* main.c */,
			);
			path = "BUAA-OJ12-大家都来分级啦";
			sourceTree = "<group>";
		};
		19F8076D24E18B7500FB58B3 = {
			isa = PBXGroup;
			children = (
				19F8078524E18DC100FB58B3 /* BAUU-OJ1 */,
				19F8077824E18B7500FB58B3 /* BAUU-OJ */,
				19810D7324E6B3DF0034D2A5 /* BUAA-OJ2 */,
				19810D7E24E6C6DE0034D2A5 /* BUAA-OJ3 */,
				199A602F24E80B2800EB3139 /* BUAA-OJ4 */,
				199A603A24E80F1500EB3139 /* BUAA-OJ5 */,
				199A604524E81B7000EB3139 /* BUAA-OJ6 */,
				1982F19024E81F3700297F90 /* BUAA-OJ7 */,
				1982F19B24E82EB100297F90 /* BUAA-OJ8-creeper学妹的计算题 */,
				19D98F1224EBF92600C3B1F1 /* BUAA-OJ9-快来帮猪脚 */,
				19D98F1D24EBFB1C00C3B1F1 /* BUAA-OJ10-大家快来刷TD啊 */,
				19D98F2824EC00E700C3B1F1 /* BUAA-OJ11-水-a+b */,
				19D98F3324EC042800C3B1F1 /* BUAA-OJ12-大家都来分级啦 */,
				19780D3224EEAF0A00F0BFB9 /* BUAA-OJ13-公公偏头痛 */,
				19780D3D24EEB2D600F0BFB9 /* BUAA-OJ14-名侦探柯南之陷阱 */,
				1988EB2E24EEB877008CECC0 /* BUAA-OJ15-名侦探柯南之陷阱升级版 */,
				197A6681251738F2001BCBA8 /* BUAA-OJ 感受学长的爱意 */,
				199C925825173B9000C61047 /* test */,
				19BD5C71251777ED00A0DA79 /* 判断三角形 */,
				19BD5C8F25177A3100A0DA79 /* 活着的数（没做出来） */,
				19BD5CAE2517844100A0DA79 /* jhljx水水的签到题 */,
				19BD5CCE2518DB4700A0DA79 /* 水水的比较大小 */,
				1973D88F2518DF150004D724 /* 优先队列应用 */,
				19F8077724E18B7500FB58B3 /* Products */,
			);
			sourceTree = "<group>";
		};
		19F8077724E18B7500FB58B3 /* Products */ = {
			isa = PBXGroup;
			children = (
				19F8077624E18B7500FB58B3 /* BAUU-OJ */,
				19F8078424E18DC100FB58B3 /* BAUU-OJ1 */,
				19810D7224E6B3DF0034D2A5 /* BUAA-OJ2 */,
				19810D7D24E6C6DE0034D2A5 /* BUAA-OJ3 */,
				199A602E24E80B2800EB3139 /* BUAA-OJ4 */,
				199A603924E80F1500EB3139 /* BUAA-OJ5 */,
				199A604424E81B7000EB3139 /* BUAA-OJ6 */,
				1982F18F24E81F3700297F90 /* BUAA-OJ7 */,
				1982F19A24E82EB100297F90 /* BUAA-OJ8-creeper学妹的计算题 */,
				19D98F1124EBF92600C3B1F1 /* BUAA-OJ9-快来帮猪脚 */,
				19D98F1C24EBFB1C00C3B1F1 /* BUAA-OJ10-大家快来刷TD啊 */,
				19D98F2724EC00E700C3B1F1 /* BUAA-OJ11-水-a+b */,
				19D98F3224EC042700C3B1F1 /* BUAA-OJ12-大家都来分级啦 */,
				19780D3124EEAF0A00F0BFB9 /* BUAA-OJ13-公公偏头痛 */,
				19780D3C24EEB2D600F0BFB9 /* BUAA-OJ14-名侦探柯南之陷阱 */,
				1988EB2D24EEB877008CECC0 /* BUAA-OJ15-名侦探柯南之陷阱升级版 */,
				197A6680251738F1001BCBA8 /* BUAA-OJ 感受学长的爱意 */,
				199C925725173B9000C61047 /* test */,
				19BD5C70251777ED00A0DA79 /* 判断三角形 */,
				19BD5C8E25177A3100A0DA79 /* 活着的数 */,
				19BD5CAD2517844100A0DA79 /* jhljx水水的签到题 */,
				19BD5CCD2518DB4700A0DA79 /* 水水的比较大小 */,
				1973D88E2518DF150004D724 /* 优先队列应用 */,
			);
			name = Products;
			sourceTree = "<group>";
		};
		19F8077824E18B7500FB58B3 /* BAUU-OJ */ = {
			isa = PBXGroup;
			children = (
				19F8077924E18B7500FB58B3 /* main.c */,
			);
			path = "BAUU-OJ";
			sourceTree = "<group>";
		};
		19F8078524E18DC100FB58B3 /* BAUU-OJ1 */ = {
			isa = PBXGroup;
			children = (
				19F8078624E18DC100FB58B3 /* main.c */,
			);
			path = "BAUU-OJ1";
			sourceTree = "<group>";
		};
/* End PBXGroup section */

/* Begin PBXNativeTarget section */
		1973D88D2518DF150004D724 /* 优先队列应用 */ = {
			isa = PBXNativeTarget;
			buildConfigurationList = 1973D8942518DF150004D724 /* Build configuration list for PBXNativeTarget "优先队列应用" */;
			buildPhases = (
				1973D88A2518DF150004D724 /* Sources */,
				1973D88B2518DF150004D724 /* Frameworks */,
				1973D88C2518DF150004D724 /* CopyFiles */,
			);
			buildRules = (
			);
			dependencies = (
			);
			name = "优先队列应用";
			productName = "优先队列应用";
			productReference = 1973D88E2518DF150004D724 /* 优先队列应用 */;
			productType = "com.apple.product-type.tool";
		};
		19780D3024EEAF0A00F0BFB9 /* BUAA-OJ13-公公偏头痛 */ = {
			isa = PBXNativeTarget;
			buildConfigurationList = 19780D3724EEAF0B00F0BFB9 /* Build configuration list for PBXNativeTarget "BUAA-OJ13-公公偏头痛" */;
			buildPhases = (
				19780D2D24EEAF0A00F0BFB9 /* Sources */,
				19780D2E24EEAF0A00F0BFB9 /* Frameworks */,
				19780D2F24EEAF0A00F0BFB9 /* CopyFiles */,
			);
			buildRules = (
			);
			dependencies = (
			);
			name = "BUAA-OJ13-公公偏头痛";
			productName = "BUAA-OJ13-公公偏头痛";
			productReference = 19780D3124EEAF0A00F0BFB9 /* BUAA-OJ13-公公偏头痛 */;
			productType = "com.apple.product-type.tool";
		};
		19780D3B24EEB2D600F0BFB9 /* BUAA-OJ14-名侦探柯南之陷阱 */ = {
			isa = PBXNativeTarget;
			buildConfigurationList = 19780D4024EEB2D600F0BFB9 /* Build configuration list for PBXNativeTarget "BUAA-OJ14-名侦探柯南之陷阱" */;
			buildPhases = (
				19780D3824EEB2D600F0BFB9 /* Sources */,
				19780D3924EEB2D600F0BFB9 /* Frameworks */,
				19780D3A24EEB2D600F0BFB9 /* CopyFiles */,
			);
			buildRules = (
			);
			dependencies = (
			);
			name = "BUAA-OJ14-名侦探柯南之陷阱";
			productName = "BUAA-OJ14-名侦探柯南之陷阱";
			productReference = 19780D3C24EEB2D600F0BFB9 /* BUAA-OJ14-名侦探柯南之陷阱 */;
			productType = "com.apple.product-type.tool";
		};
		197A667F251738F1001BCBA8 /* BUAA-OJ 感受学长的爱意 */ = {
			isa = PBXNativeTarget;
			buildConfigurationList = 197A6686251738F2001BCBA8 /* Build configuration list for PBXNativeTarget "BUAA-OJ 感受学长的爱意" */;
			buildPhases = (
				197A667C251738F1001BCBA8 /* Sources */,
				197A667D251738F1001BCBA8 /* Frameworks */,
				197A667E251738F1001BCBA8 /* CopyFiles */,
			);
			buildRules = (
			);
			dependencies = (
			);
			name = "BUAA-OJ 感受学长的爱意";
			productName = "BUAA-OJ 感受学长的爱意";
			productReference = 197A6680251738F1001BCBA8 /* BUAA-OJ 感受学长的爱意 */;
			productType = "com.apple.product-type.tool";
		};
		19810D7124E6B3DF0034D2A5 /* BUAA-OJ2 */ = {
			isa = PBXNativeTarget;
			buildConfigurationList = 19810D7824E6B3DF0034D2A5 /* Build configuration list for PBXNativeTarget "BUAA-OJ2" */;
			buildPhases = (
				19810D6E24E6B3DF0034D2A5 /* Sources */,
				19810D6F24E6B3DF0034D2A5 /* Frameworks */,
				19810D7024E6B3DF0034D2A5 /* CopyFiles */,
			);
			buildRules = (
			);
			dependencies = (
			);
			name = "BUAA-OJ2";
			productName = "BUAA-OJ2";
			productReference = 19810D7224E6B3DF0034D2A5 /* BUAA-OJ2 */;
			productType = "com.apple.product-type.tool";
		};
		19810D7C24E6C6DE0034D2A5 /* BUAA-OJ3 */ = {
			isa = PBXNativeTarget;
			buildConfigurationList = 19810D8124E6C6DE0034D2A5 /* Build configuration list for PBXNativeTarget "BUAA-OJ3" */;
			buildPhases = (
				19810D7924E6C6DE0034D2A5 /* Sources */,
				19810D7A24E6C6DE0034D2A5 /* Frameworks */,
				19810D7B24E6C6DE0034D2A5 /* CopyFiles */,
			);
			buildRules = (
			);
			dependencies = (
			);
			name = "BUAA-OJ3";
			productName = "BUAA-OJ3";
			productReference = 19810D7D24E6C6DE0034D2A5 /* BUAA-OJ3 */;
			productType = "com.apple.product-type.tool";
		};
		1982F18E24E81F3700297F90 /* BUAA-OJ7 */ = {
			isa = PBXNativeTarget;
			buildConfigurationList = 1982F19524E81F3700297F90 /* Build configuration list for PBXNativeTarget "BUAA-OJ7" */;
			buildPhases = (
				1982F18B24E81F3700297F90 /* Sources */,
				1982F18C24E81F3700297F90 /* Frameworks */,
				1982F18D24E81F3700297F90 /* CopyFiles */,
			);
			buildRules = (
			);
			dependencies = (
			);
			name = "BUAA-OJ7";
			productName = "BUAA-OJ7";
			productReference = 1982F18F24E81F3700297F90 /* BUAA-OJ7 */;
			productType = "com.apple.product-type.tool";
		};
		1982F19924E82EB100297F90 /* BUAA-OJ8-creeper学妹的计算题 */ = {
			isa = PBXNativeTarget;
			buildConfigurationList = 1982F19E24E82EB100297F90 /* Build configuration list for PBXNativeTarget "BUAA-OJ8-creeper学妹的计算题" */;
			buildPhases = (
				1982F19624E82EB100297F90 /* Sources */,
				1982F19724E82EB100297F90 /* Frameworks */,
				1982F19824E82EB100297F90 /* CopyFiles */,
			);
			buildRules = (
			);
			dependencies = (
			);
			name = "BUAA-OJ8-creeper学妹的计算题";
			productName = "BUAA-OJ8-creeper学妹的计算题";
			productReference = 1982F19A24E82EB100297F90 /* BUAA-OJ8-creeper学妹的计算题 */;
			productType = "com.apple.product-type.tool";
		};
		1988EB2C24EEB877008CECC0 /* BUAA-OJ15-名侦探柯南之陷阱升级版 */ = {
			isa = PBXNativeTarget;
			buildConfigurationList = 1988EB3324EEB877008CECC0 /* Build configuration list for PBXNativeTarget "BUAA-OJ15-名侦探柯南之陷阱升级版" */;
			buildPhases = (
				1988EB2924EEB877008CECC0 /* Sources */,
				1988EB2A24EEB877008CECC0 /* Frameworks */,
				1988EB2B24EEB877008CECC0 /* CopyFiles */,
			);
			buildRules = (
			);
			dependencies = (
			);
			name = "BUAA-OJ15-名侦探柯南之陷阱升级版";
			productName = "BUAA-OJ15-名侦探柯南之陷阱升级版";
			productReference = 1988EB2D24EEB877008CECC0 /* BUAA-OJ15-名侦探柯南之陷阱升级版 */;
			productType = "com.apple.product-type.tool";
		};
		199A602D24E80B2800EB3139 /* BUAA-OJ4 */ = {
			isa = PBXNativeTarget;
			buildConfigurationList = 199A603424E80B2800EB3139 /* Build configuration list for PBXNativeTarget "BUAA-OJ4" */;
			buildPhases = (
				199A602A24E80B2800EB3139 /* Sources */,
				199A602B24E80B2800EB3139 /* Frameworks */,
				199A602C24E80B2800EB3139 /* CopyFiles */,
			);
			buildRules = (
			);
			dependencies = (
			);
			name = "BUAA-OJ4";
			productName = "BUAA-OJ4";
			productReference = 199A602E24E80B2800EB3139 /* BUAA-OJ4 */;
			productType = "com.apple.product-type.tool";
		};
		199A603824E80F1500EB3139 /* BUAA-OJ5 */ = {
			isa = PBXNativeTarget;
			buildConfigurationList = 199A603D24E80F1500EB3139 /* Build configuration list for PBXNativeTarget "BUAA-OJ5" */;
			buildPhases = (
				199A603524E80F1500EB3139 /* Sources */,
				199A603624E80F1500EB3139 /* Frameworks */,
				199A603724E80F1500EB3139 /* CopyFiles */,
			);
			buildRules = (
			);
			dependencies = (
			);
			name = "BUAA-OJ5";
			productName = "BUAA-OJ5";
			productReference = 199A603924E80F1500EB3139 /* BUAA-OJ5 */;
			productType = "com.apple.product-type.tool";
		};
		199A604324E81B7000EB3139 /* BUAA-OJ6 */ = {
			isa = PBXNativeTarget;
			buildConfigurationList = 199A604824E81B7000EB3139 /* Build configuration list for PBXNativeTarget "BUAA-OJ6" */;
			buildPhases = (
				199A604024E81B7000EB3139 /* Sources */,
				199A604124E81B7000EB3139 /* Frameworks */,
				199A604224E81B7000EB3139 /* CopyFiles */,
			);
			buildRules = (
			);
			dependencies = (
			);
			name = "BUAA-OJ6";
			productName = "BUAA-OJ6";
			productReference = 199A604424E81B7000EB3139 /* BUAA-OJ6 */;
			productType = "com.apple.product-type.tool";
		};
		199C925625173B9000C61047 /* test */ = {
			isa = PBXNativeTarget;
			buildConfigurationList = 199C925D25173B9000C61047 /* Build configuration list for PBXNativeTarget "test" */;
			buildPhases = (
				199C925325173B9000C61047 /* Sources */,
				199C925425173B9000C61047 /* Frameworks */,
				199C925525173B9000C61047 /* CopyFiles */,
			);
			buildRules = (
			);
			dependencies = (
			);
			name = test;
			productName = test;
			productReference = 199C925725173B9000C61047 /* test */;
			productType = "com.apple.product-type.tool";
		};
		19BD5C6F251777ED00A0DA79 /* 判断三角形 */ = {
			isa = PBXNativeTarget;
			buildConfigurationList = 19BD5C76251777ED00A0DA79 /* Build configuration list for PBXNativeTarget "判断三角形" */;
			buildPhases = (
				19BD5C6C251777ED00A0DA79 /* Sources */,
				19BD5C6D251777ED00A0DA79 /* Frameworks */,
				19BD5C6E251777ED00A0DA79 /* CopyFiles */,
			);
			buildRules = (
			);
			dependencies = (
			);
			name = "判断三角形";
			productName = "判断三角形";
			productReference = 19BD5C70251777ED00A0DA79 /* 判断三角形 */;
			productType = "com.apple.product-type.tool";
		};
		19BD5C8D25177A3100A0DA79 /* 活着的数 */ = {
			isa = PBXNativeTarget;
			buildConfigurationList = 19BD5C9225177A3100A0DA79 /* Build configuration list for PBXNativeTarget "活着的数" */;
			buildPhases = (
				19BD5C8A25177A3100A0DA79 /* Sources */,
				19BD5C8B25177A3100A0DA79 /* Frameworks */,
				19BD5C8C25177A3100A0DA79 /* CopyFiles */,
			);
			buildRules = (
			);
			dependencies = (
			);
			name = "活着的数";
			productName = "活着的数";
			productReference = 19BD5C8E25177A3100A0DA79 /* 活着的数 */;
			productType = "com.apple.product-type.tool";
		};
		19BD5CAC2517844100A0DA79 /* jhljx水水的签到题 */ = {
			isa = PBXNativeTarget;
			buildConfigurationList = 19BD5CB12517844100A0DA79 /* Build configuration list for PBXNativeTarget "jhljx水水的签到题" */;
			buildPhases = (
				19BD5CA92517844100A0DA79 /* Sources */,
				19BD5CAA2517844100A0DA79 /* Frameworks */,
				19BD5CAB2517844100A0DA79 /* CopyFiles */,
			);
			buildRules = (
			);
			dependencies = (
			);
			name = "jhljx水水的签到题";
			productName = "jhljx水水的签到题";
			productReference = 19BD5CAD2517844100A0DA79 /* jhljx水水的签到题 */;
			productType = "com.apple.product-type.tool";
		};
		19BD5CCC2518DB4700A0DA79 /* 水水的比较大小 */ = {
			isa = PBXNativeTarget;
			buildConfigurationList = 19BD5CD12518DB4700A0DA79 /* Build configuration list for PBXNativeTarget "水水的比较大小" */;
			buildPhases = (
				19BD5CC92518DB4700A0DA79 /* Sources */,
				19BD5CCA2518DB4700A0DA79 /* Frameworks */,
				19BD5CCB2518DB4700A0DA79 /* CopyFiles */,
			);
			buildRules = (
			);
			dependencies = (
			);
			name = "水水的比较大小";
			productName = "水水的比较大小";
			productReference = 19BD5CCD2518DB4700A0DA79 /* 水水的比较大小 */;
			productType = "com.apple.product-type.tool";
		};
		19D98F1024EBF92600C3B1F1 /* BUAA-OJ9-快来帮猪脚 */ = {
			isa = PBXNativeTarget;
			buildConfigurationList = 19D98F1724EBF92600C3B1F1 /* Build configuration list for PBXNativeTarget "BUAA-OJ9-快来帮猪脚" */;
			buildPhases = (
				19D98F0D24EBF92600C3B1F1 /* Sources */,
				19D98F0E24EBF92600C3B1F1 /* Frameworks */,
				19D98F0F24EBF92600C3B1F1 /* CopyFiles */,
			);
			buildRules = (
			);
			dependencies = (
			);
			name = "BUAA-OJ9-快来帮猪脚";
			productName = "BUAA-OJ9-快来帮猪脚";
			productReference = 19D98F1124EBF92600C3B1F1 /* BUAA-OJ9-快来帮猪脚 */;
			productType = "com.apple.product-type.tool";
		};
		19D98F1B24EBFB1C00C3B1F1 /* BUAA-OJ10-大家快来刷TD啊 */ = {
			isa = PBXNativeTarget;
			buildConfigurationList = 19D98F2024EBFB1C00C3B1F1 /* Build configuration list for PBXNativeTarget "BUAA-OJ10-大家快来刷TD啊" */;
			buildPhases = (
				19D98F1824EBFB1C00C3B1F1 /* Sources */,
				19D98F1924EBFB1C00C3B1F1 /* Frameworks */,
				19D98F1A24EBFB1C00C3B1F1 /* CopyFiles */,
			);
			buildRules = (
			);
			dependencies = (
			);
			name = "BUAA-OJ10-大家快来刷TD啊";
			productName = "BUAA-OJ10-大家快来刷TD啊";
			productReference = 19D98F1C24EBFB1C00C3B1F1 /* BUAA-OJ10-大家快来刷TD啊 */;
			productType = "com.apple.product-type.tool";
		};
		19D98F2624EC00E700C3B1F1 /* BUAA-OJ11-水-a+b */ = {
			isa = PBXNativeTarget;
			buildConfigurationList = 19D98F2B24EC00E700C3B1F1 /* Build configuration list for PBXNativeTarget "BUAA-OJ11-水-a+b" */;
			buildPhases = (
				19D98F2324EC00E700C3B1F1 /* Sources */,
				19D98F2424EC00E700C3B1F1 /* Frameworks */,
				19D98F2524EC00E700C3B1F1 /* CopyFiles */,
			);
			buildRules = (
			);
			dependencies = (
			);
			name = "BUAA-OJ11-水-a+b";
			productName = "BUAA-OJ11-水-a+b";
			productReference = 19D98F2724EC00E700C3B1F1 /* BUAA-OJ11-水-a+b */;
			productType = "com.apple.product-type.tool";
		};
		19D98F3124EC042700C3B1F1 /* BUAA-OJ12-大家都来分级啦 */ = {
			isa = PBXNativeTarget;
			buildConfigurationList = 19D98F3624EC042800C3B1F1 /* Build configuration list for PBXNativeTarget "BUAA-OJ12-大家都来分级啦" */;
			buildPhases = (
				19D98F2E24EC042700C3B1F1 /* Sources */,
				19D98F2F24EC042700C3B1F1 /* Frameworks */,
				19D98F3024EC042700C3B1F1 /* CopyFiles */,
			);
			buildRules = (
			);
			dependencies = (
			);
			name = "BUAA-OJ12-大家都来分级啦";
			productName = "BUAA-OJ12-大家都来分级啦";
			productReference = 19D98F3224EC042700C3B1F1 /* BUAA-OJ12-大家都来分级啦 */;
			productType = "com.apple.product-type.tool";
		};
		19F8077524E18B7500FB58B3 /* BAUU-OJ */ = {
			isa = PBXNativeTarget;
			buildConfigurationList = 19F8077D24E18B7500FB58B3 /* Build configuration list for PBXNativeTarget "BAUU-OJ" */;
			buildPhases = (
				19F8077224E18B7500FB58B3 /* Sources */,
				19F8077324E18B7500FB58B3 /* Frameworks */,
				19F8077424E18B7500FB58B3 /* CopyFiles */,
			);
			buildRules = (
			);
			dependencies = (
			);
			name = "BAUU-OJ";
			productName = "BAUU-OJ";
			productReference = 19F8077624E18B7500FB58B3 /* BAUU-OJ */;
			productType = "com.apple.product-type.tool";
		};
		19F8078324E18DC100FB58B3 /* BAUU-OJ1 */ = {
			isa = PBXNativeTarget;
			buildConfigurationList = 19F8078824E18DC100FB58B3 /* Build configuration list for PBXNativeTarget "BAUU-OJ1" */;
			buildPhases = (
				19F8078024E18DC100FB58B3 /* Sources */,
				19F8078124E18DC100FB58B3 /* Frameworks */,
				19F8078224E18DC100FB58B3 /* CopyFiles */,
			);
			buildRules = (
			);
			dependencies = (
			);
			name = "BAUU-OJ1";
			productName = "BAUU-OJ1";
			productReference = 19F8078424E18DC100FB58B3 /* BAUU-OJ1 */;
			productType = "com.apple.product-type.tool";
		};
/* End PBXNativeTarget section */

/* Begin PBXProject section */
		19F8076E24E18B7500FB58B3 /* Project object */ = {
			isa = PBXProject;
			attributes = {
				LastUpgradeCheck = 1160;
				ORGANIZATIONNAME = "PhD Wang's Macbook ";
				TargetAttributes = {
					1973D88D2518DF150004D724 = {
						CreatedOnToolsVersion = 12.0;
					};
					19780D3024EEAF0A00F0BFB9 = {
						CreatedOnToolsVersion = 11.6;
					};
					19780D3B24EEB2D600F0BFB9 = {
						CreatedOnToolsVersion = 11.6;
					};
					197A667F251738F1001BCBA8 = {
						CreatedOnToolsVersion = 12.0;
					};
					19810D7124E6B3DF0034D2A5 = {
						CreatedOnToolsVersion = 11.6;
					};
					19810D7C24E6C6DE0034D2A5 = {
						CreatedOnToolsVersion = 11.6;
					};
					1982F18E24E81F3700297F90 = {
						CreatedOnToolsVersion = 11.6;
					};
					1982F19924E82EB100297F90 = {
						CreatedOnToolsVersion = 11.6;
					};
					1988EB2C24EEB877008CECC0 = {
						CreatedOnToolsVersion = 11.6;
					};
					199A602D24E80B2800EB3139 = {
						CreatedOnToolsVersion = 11.6;
					};
					199A603824E80F1500EB3139 = {
						CreatedOnToolsVersion = 11.6;
					};
					199A604324E81B7000EB3139 = {
						CreatedOnToolsVersion = 11.6;
					};
					199C925625173B9000C61047 = {
						CreatedOnToolsVersion = 12.0;
					};
					19BD5C6F251777ED00A0DA79 = {
						CreatedOnToolsVersion = 12.0;
					};
					19BD5C8D25177A3100A0DA79 = {
						CreatedOnToolsVersion = 12.0;
					};
					19BD5CAC2517844100A0DA79 = {
						CreatedOnToolsVersion = 12.0;
					};
					19BD5CCC2518DB4700A0DA79 = {
						CreatedOnToolsVersion = 12.0;
					};
					19D98F1024EBF92600C3B1F1 = {
						CreatedOnToolsVersion = 11.6;
					};
					19D98F1B24EBFB1C00C3B1F1 = {
						CreatedOnToolsVersion = 11.6;
					};
					19D98F2624EC00E700C3B1F1 = {
						CreatedOnToolsVersion = 11.6;
					};
					19D98F3124EC042700C3B1F1 = {
						CreatedOnToolsVersion = 11.6;
					};
					19F8077524E18B7500FB58B3 = {
						CreatedOnToolsVersion = 11.6;
					};
					19F8078324E18DC100FB58B3 = {
						CreatedOnToolsVersion = 11.6;
					};
				};
			};
			buildConfigurationList = 19F8077124E18B7500FB58B3 /* Build configuration list for PBXProject "BAUU-OJ" */;
			compatibilityVersion = "Xcode 9.3";
			developmentRegion = en;
			hasScannedForEncodings = 0;
			knownRegions = (
				en,
				Base,
			);
			mainGroup = 19F8076D24E18B7500FB58B3;
			productRefGroup = 19F8077724E18B7500FB58B3 /* Products */;
			projectDirPath = "";
			projectRoot = "";
			targets = (
				19F8077524E18B7500FB58B3 /* BAUU-OJ */,
				19F8078324E18DC100FB58B3 /* BAUU-OJ1 */,
				19810D7124E6B3DF0034D2A5 /* BUAA-OJ2 */,
				19810D7C24E6C6DE0034D2A5 /* BUAA-OJ3 */,
				199A602D24E80B2800EB3139 /* BUAA-OJ4 */,
				199A603824E80F1500EB3139 /* BUAA-OJ5 */,
				199A604324E81B7000EB3139 /* BUAA-OJ6 */,
				1982F18E24E81F3700297F90 /* BUAA-OJ7 */,
				1982F19924E82EB100297F90 /* BUAA-OJ8-creeper学妹的计算题 */,
				19D98F1024EBF92600C3B1F1 /* BUAA-OJ9-快来帮猪脚 */,
				19D98F1B24EBFB1C00C3B1F1 /* BUAA-OJ10-大家快来刷TD啊 */,
				19D98F2624EC00E700C3B1F1 /* BUAA-OJ11-水-a+b */,
				19D98F3124EC042700C3B1F1 /* BUAA-OJ12-大家都来分级啦 */,
				19780D3024EEAF0A00F0BFB9 /* BUAA-OJ13-公公偏头痛 */,
				19780D3B24EEB2D600F0BFB9 /* BUAA-OJ14-名侦探柯南之陷阱 */,
				1988EB2C24EEB877008CECC0 /* BUAA-OJ15-名侦探柯南之陷阱升级版 */,
				197A667F251738F1001BCBA8 /* BUAA-OJ 感受学长的爱意 */,
				199C925625173B9000C61047 /* test */,
				19BD5C6F251777ED00A0DA79 /* 判断三角形 */,
				19BD5C8D25177A3100A0DA79 /* 活着的数 */,
				19BD5CAC2517844100A0DA79 /* jhljx水水的签到题 */,
				19BD5CCC2518DB4700A0DA79 /* 水水的比较大小 */,
				1973D88D2518DF150004D724 /* 优先队列应用 */,
			);
		};
/* End PBXProject section */

/* Begin PBXSourcesBuildPhase section */
		1973D88A2518DF150004D724 /* Sources */ = {
			isa = PBXSourcesBuildPhase;
			buildActionMask = 2147483647;
			files = (
				1973D8912518DF150004D724 /* main.c in Sources */,
			);
			runOnlyForDeploymentPostprocessing = 0;
		};
		19780D2D24EEAF0A00F0BFB9 /* Sources */ = {
			isa = PBXSourcesBuildPhase;
			buildActionMask = 2147483647;
			files = (
				19780D3424EEAF0B00F0BFB9 /* main.c in Sources */,
			);
			runOnlyForDeploymentPostprocessing = 0;
		};
		19780D3824EEB2D600F0BFB9 /* Sources */ = {
			isa = PBXSourcesBuildPhase;
			buildActionMask = 2147483647;
			files = (
				19780D3F24EEB2D600F0BFB9 /* main.c in Sources */,
			);
			runOnlyForDeploymentPostprocessing = 0;
		};
		197A667C251738F1001BCBA8 /* Sources */ = {
			isa = PBXSourcesBuildPhase;
			buildActionMask = 2147483647;
			files = (
				197A6683251738F2001BCBA8 /* main.c in Sources */,
			);
			runOnlyForDeploymentPostprocessing = 0;
		};
		19810D6E24E6B3DF0034D2A5 /* Sources */ = {
			isa = PBXSourcesBuildPhase;
			buildActionMask = 2147483647;
			files = (
				19810D7524E6B3DF0034D2A5 /* main.c in Sources */,
			);
			runOnlyForDeploymentPostprocessing = 0;
		};
		19810D7924E6C6DE0034D2A5 /* Sources */ = {
			isa = PBXSourcesBuildPhase;
			buildActionMask = 2147483647;
			files = (
				19810D8024E6C6DE0034D2A5 /* main.c in Sources */,
			);
			runOnlyForDeploymentPostprocessing = 0;
		};
		1982F18B24E81F3700297F90 /* Sources */ = {
			isa = PBXSourcesBuildPhase;
			buildActionMask = 2147483647;
			files = (
				1982F19224E81F3700297F90 /* main.c in Sources */,
			);
			runOnlyForDeploymentPostprocessing = 0;
		};
		1982F19624E82EB100297F90 /* Sources */ = {
			isa = PBXSourcesBuildPhase;
			buildActionMask = 2147483647;
			files = (
				1982F19D24E82EB100297F90 /* main.c in Sources */,
			);
			runOnlyForDeploymentPostprocessing = 0;
		};
		1988EB2924EEB877008CECC0 /* Sources */ = {
			isa = PBXSourcesBuildPhase;
			buildActionMask = 2147483647;
			files = (
				1988EB3024EEB877008CECC0 /* main.c in Sources */,
			);
			runOnlyForDeploymentPostprocessing = 0;
		};
		199A602A24E80B2800EB3139 /* Sources */ = {
			isa = PBXSourcesBuildPhase;
			buildActionMask = 2147483647;
			files = (
				199A603124E80B2800EB3139 /* main.c in Sources */,
			);
			runOnlyForDeploymentPostprocessing = 0;
		};
		199A603524E80F1500EB3139 /* Sources */ = {
			isa = PBXSourcesBuildPhase;
			buildActionMask = 2147483647;
			files = (
				199A603C24E80F1500EB3139 /* main.c in Sources */,
			);
			runOnlyForDeploymentPostprocessing = 0;
		};
		199A604024E81B7000EB3139 /* Sources */ = {
			isa = PBXSourcesBuildPhase;
			buildActionMask = 2147483647;
			files = (
				199A604724E81B7000EB3139 /* main.c in Sources */,
			);
			runOnlyForDeploymentPostprocessing = 0;
		};
		199C925325173B9000C61047 /* Sources */ = {
			isa = PBXSourcesBuildPhase;
			buildActionMask = 2147483647;
			files = (
				199C925A25173B9000C61047 /* main.c in Sources */,
			);
			runOnlyForDeploymentPostprocessing = 0;
		};
		19BD5C6C251777ED00A0DA79 /* Sources */ = {
			isa = PBXSourcesBuildPhase;
			buildActionMask = 2147483647;
			files = (
				19BD5C73251777ED00A0DA79 /* main.c in Sources */,
			);
			runOnlyForDeploymentPostprocessing = 0;
		};
		19BD5C8A25177A3100A0DA79 /* Sources */ = {
			isa = PBXSourcesBuildPhase;
			buildActionMask = 2147483647;
			files = (
				19BD5C9125177A3100A0DA79 /* main.c in Sources */,
			);
			runOnlyForDeploymentPostprocessing = 0;
		};
		19BD5CA92517844100A0DA79 /* Sources */ = {
			isa = PBXSourcesBuildPhase;
			buildActionMask = 2147483647;
			files = (
				19BD5CB02517844100A0DA79 /* main.c in Sources */,
			);
			runOnlyForDeploymentPostprocessing = 0;
		};
		19BD5CC92518DB4700A0DA79 /* Sources */ = {
			isa = PBXSourcesBuildPhase;
			buildActionMask = 2147483647;
			files = (
				19BD5CD02518DB4700A0DA79 /* main.c in Sources */,
			);
			runOnlyForDeploymentPostprocessing = 0;
		};
		19D98F0D24EBF92600C3B1F1 /* Sources */ = {
			isa = PBXSourcesBuildPhase;
			buildActionMask = 2147483647;
			files = (
				19D98F1424EBF92600C3B1F1 /* main.c in Sources */,
			);
			runOnlyForDeploymentPostprocessing = 0;
		};
		19D98F1824EBFB1C00C3B1F1 /* Sources */ = {
			isa = PBXSourcesBuildPhase;
			buildActionMask = 2147483647;
			files = (
				19D98F1F24EBFB1C00C3B1F1 /* main.c in Sources */,
			);
			runOnlyForDeploymentPostprocessing = 0;
		};
		19D98F2324EC00E700C3B1F1 /* Sources */ = {
			isa = PBXSourcesBuildPhase;
			buildActionMask = 2147483647;
			files = (
				19D98F2A24EC00E700C3B1F1 /* main.c in Sources */,
			);
			runOnlyForDeploymentPostprocessing = 0;
		};
		19D98F2E24EC042700C3B1F1 /* Sources */ = {
			isa = PBXSourcesBuildPhase;
			buildActionMask = 2147483647;
			files = (
				19D98F3524EC042800C3B1F1 /* main.c in Sources */,
			);
			runOnlyForDeploymentPostprocessing = 0;
		};
		19F8077224E18B7500FB58B3 /* Sources */ = {
			isa = PBXSourcesBuildPhase;
			buildActionMask = 2147483647;
			files = (
				19F8077A24E18B7500FB58B3 /* main.c in Sources */,
			);
			runOnlyForDeploymentPostprocessing = 0;
		};
		19F8078024E18DC100FB58B3 /* Sources */ = {
			isa = PBXSourcesBuildPhase;
			buildActionMask = 2147483647;
			files = (
				19F8078724E18DC100FB58B3 /* main.c in Sources */,
			);
			runOnlyForDeploymentPostprocessing = 0;
		};
/* End PBXSourcesBuildPhase section */

/* Begin XCBuildConfiguration section */
		1973D8922518DF150004D724 /* Debug */ = {
			isa = XCBuildConfiguration;
			buildSettings = {
				CLANG_WARN_QUOTED_INCLUDE_IN_FRAMEWORK_HEADER = YES;
				CODE_SIGN_STYLE = Automatic;
				PRODUCT_NAME = "$(TARGET_NAME)";
			};
			name = Debug;
		};
		1973D8932518DF150004D724 /* Release */ = {
			isa = XCBuildConfiguration;
			buildSettings = {
				CLANG_WARN_QUOTED_INCLUDE_IN_FRAMEWORK_HEADER = YES;
				CODE_SIGN_STYLE = Automatic;
				PRODUCT_NAME = "$(TARGET_NAME)";
			};
			name = Release;
		};
		19780D3524EEAF0B00F0BFB9 /* Debug */ = {
			isa = XCBuildConfiguration;
			buildSettings = {
				CODE_SIGN_STYLE = Automatic;
				PRODUCT_NAME = "$(TARGET_NAME)";
			};
			name = Debug;
		};
		19780D3624EEAF0B00F0BFB9 /* Release */ = {
			isa = XCBuildConfiguration;
			buildSettings = {
				CODE_SIGN_STYLE = Automatic;
				PRODUCT_NAME = "$(TARGET_NAME)";
			};
			name = Release;
		};
		19780D4124EEB2D600F0BFB9 /* Debug */ = {
			isa = XCBuildConfiguration;
			buildSettings = {
				CODE_SIGN_STYLE = Automatic;
				PRODUCT_NAME = "$(TARGET_NAME)";
			};
			name = Debug;
		};
		19780D4224EEB2D600F0BFB9 /* Release */ = {
			isa = XCBuildConfiguration;
			buildSettings = {
				CODE_SIGN_STYLE = Automatic;
				PRODUCT_NAME = "$(TARGET_NAME)";
			};
			name = Release;
		};
		197A6684251738F2001BCBA8 /* Debug */ = {
			isa = XCBuildConfiguration;
			buildSettings = {
				CLANG_WARN_QUOTED_INCLUDE_IN_FRAMEWORK_HEADER = YES;
				CODE_SIGN_STYLE = Automatic;
				PRODUCT_NAME = "$(TARGET_NAME)";
			};
			name = Debug;
		};
		197A6685251738F2001BCBA8 /* Release */ = {
			isa = XCBuildConfiguration;
			buildSettings = {
				CLANG_WARN_QUOTED_INCLUDE_IN_FRAMEWORK_HEADER = YES;
				CODE_SIGN_STYLE = Automatic;
				PRODUCT_NAME = "$(TARGET_NAME)";
			};
			name = Release;
		};
		19810D7624E6B3DF0034D2A5 /* Debug */ = {
			isa = XCBuildConfiguration;
			buildSettings = {
				CODE_SIGN_STYLE = Automatic;
				PRODUCT_NAME = "$(TARGET_NAME)";
			};
			name = Debug;
		};
		19810D7724E6B3DF0034D2A5 /* Release */ = {
			isa = XCBuildConfiguration;
			buildSettings = {
				CODE_SIGN_STYLE = Automatic;
				PRODUCT_NAME = "$(TARGET_NAME)";
			};
			name = Release;
		};
		19810D8224E6C6DE0034D2A5 /* Debug */ = {
			isa = XCBuildConfiguration;
			buildSettings = {
				CODE_SIGN_STYLE = Automatic;
				PRODUCT_NAME = "$(TARGET_NAME)";
			};
			name = Debug;
		};
		19810D8324E6C6DE0034D2A5 /* Release */ = {
			isa = XCBuildConfiguration;
			buildSettings = {
				CODE_SIGN_STYLE = Automatic;
				PRODUCT_NAME = "$(TARGET_NAME)";
			};
			name = Release;
		};
		1982F19324E81F3700297F90 /* Debug */ = {
			isa = XCBuildConfiguration;
			buildSettings = {
				CODE_SIGN_STYLE = Automatic;
				PRODUCT_NAME = "$(TARGET_NAME)";
			};
			name = Debug;
		};
		1982F19424E81F3700297F90 /* Release */ = {
			isa = XCBuildConfiguration;
			buildSettings = {
				CODE_SIGN_STYLE = Automatic;
				PRODUCT_NAME = "$(TARGET_NAME)";
			};
			name = Release;
		};
		1982F19F24E82EB100297F90 /* Debug */ = {
			isa = XCBuildConfiguration;
			buildSettings = {
				CODE_SIGN_STYLE = Automatic;
				PRODUCT_NAME = "$(TARGET_NAME)";
			};
			name = Debug;
		};
		1982F1A024E82EB100297F90 /* Release */ = {
			isa = XCBuildConfiguration;
			buildSettings = {
				CODE_SIGN_STYLE = Automatic;
				PRODUCT_NAME = "$(TARGET_NAME)";
			};
			name = Release;
		};
		1988EB3124EEB877008CECC0 /* Debug */ = {
			isa = XCBuildConfiguration;
			buildSettings = {
				CODE_SIGN_STYLE = Automatic;
				PRODUCT_NAME = "$(TARGET_NAME)";
			};
			name = Debug;
		};
		1988EB3224EEB877008CECC0 /* Release */ = {
			isa = XCBuildConfiguration;
			buildSettings = {
				CODE_SIGN_STYLE = Automatic;
				PRODUCT_NAME = "$(TARGET_NAME)";
			};
			name = Release;
		};
		199A603224E80B2800EB3139 /* Debug */ = {
			isa = XCBuildConfiguration;
			buildSettings = {
				CODE_SIGN_STYLE = Automatic;
				PRODUCT_NAME = "$(TARGET_NAME)";
			};
			name = Debug;
		};
		199A603324E80B2800EB3139 /* Release */ = {
			isa = XCBuildConfiguration;
			buildSettings = {
				CODE_SIGN_STYLE = Automatic;
				PRODUCT_NAME = "$(TARGET_NAME)";
			};
			name = Release;
		};
		199A603E24E80F1500EB3139 /* Debug */ = {
			isa = XCBuildConfiguration;
			buildSettings = {
				CODE_SIGN_STYLE = Automatic;
				PRODUCT_NAME = "$(TARGET_NAME)";
			};
			name = Debug;
		};
		199A603F24E80F1500EB3139 /* Release */ = {
			isa = XCBuildConfiguration;
			buildSettings = {
				CODE_SIGN_STYLE = Automatic;
				PRODUCT_NAME = "$(TARGET_NAME)";
			};
			name = Release;
		};
		199A604924E81B7000EB3139 /* Debug */ = {
			isa = XCBuildConfiguration;
			buildSettings = {
				CODE_SIGN_STYLE = Automatic;
				PRODUCT_NAME = "$(TARGET_NAME)";
			};
			name = Debug;
		};
		199A604A24E81B7000EB3139 /* Release */ = {
			isa = XCBuildConfiguration;
			buildSettings = {
				CODE_SIGN_STYLE = Automatic;
				PRODUCT_NAME = "$(TARGET_NAME)";
			};
			name = Release;
		};
		199C925B25173B9000C61047 /* Debug */ = {
			isa = XCBuildConfiguration;
			buildSettings = {
				CLANG_WARN_QUOTED_INCLUDE_IN_FRAMEWORK_HEADER = YES;
				CODE_SIGN_STYLE = Automatic;
				PRODUCT_NAME = "$(TARGET_NAME)";
			};
			name = Debug;
		};
		199C925C25173B9000C61047 /* Release */ = {
			isa = XCBuildConfiguration;
			buildSettings = {
				CLANG_WARN_QUOTED_INCLUDE_IN_FRAMEWORK_HEADER = YES;
				CODE_SIGN_STYLE = Automatic;
				PRODUCT_NAME = "$(TARGET_NAME)";
			};
			name = Release;
		};
		19BD5C74251777ED00A0DA79 /* Debug */ = {
			isa = XCBuildConfiguration;
			buildSettings = {
				CLANG_WARN_QUOTED_INCLUDE_IN_FRAMEWORK_HEADER = YES;
				CODE_SIGN_STYLE = Automatic;
				PRODUCT_NAME = "$(TARGET_NAME)";
			};
			name = Debug;
		};
		19BD5C75251777ED00A0DA79 /* Release */ = {
			isa = XCBuildConfiguration;
			buildSettings = {
				CLANG_WARN_QUOTED_INCLUDE_IN_FRAMEWORK_HEADER = YES;
				CODE_SIGN_STYLE = Automatic;
				PRODUCT_NAME = "$(TARGET_NAME)";
			};
			name = Release;
		};
		19BD5C9325177A3100A0DA79 /* Debug */ = {
			isa = XCBuildConfiguration;
			buildSettings = {
				CLANG_WARN_QUOTED_INCLUDE_IN_FRAMEWORK_HEADER = YES;
				CODE_SIGN_STYLE = Automatic;
				PRODUCT_NAME = "$(TARGET_NAME)";
			};
			name = Debug;
		};
		19BD5C9425177A3100A0DA79 /* Release */ = {
			isa = XCBuildConfiguration;
			buildSettings = {
				CLANG_WARN_QUOTED_INCLUDE_IN_FRAMEWORK_HEADER = YES;
				CODE_SIGN_STYLE = Automatic;
				PRODUCT_NAME = "$(TARGET_NAME)";
			};
			name = Release;
		};
		19BD5CB22517844100A0DA79 /* Debug */ = {
			isa = XCBuildConfiguration;
			buildSettings = {
				CLANG_WARN_QUOTED_INCLUDE_IN_FRAMEWORK_HEADER = YES;
				CODE_SIGN_STYLE = Automatic;
				PRODUCT_NAME = "$(TARGET_NAME)";
			};
			name = Debug;
		};
		19BD5CB32517844100A0DA79 /* Release */ = {
			isa = XCBuildConfiguration;
			buildSettings = {
				CLANG_WARN_QUOTED_INCLUDE_IN_FRAMEWORK_HEADER = YES;
				CODE_SIGN_STYLE = Automatic;
				PRODUCT_NAME = "$(TARGET_NAME)";
			};
			name = Release;
		};
		19BD5CD22518DB4700A0DA79 /* Debug */ = {
			isa = XCBuildConfiguration;
			buildSettings = {
				CLANG_WARN_QUOTED_INCLUDE_IN_FRAMEWORK_HEADER = YES;
				CODE_SIGN_STYLE = Automatic;
				PRODUCT_NAME = "$(TARGET_NAME)";
			};
			name = Debug;
		};
		19BD5CD32518DB4700A0DA79 /* Release */ = {
			isa = XCBuildConfiguration;
			buildSettings = {
				CLANG_WARN_QUOTED_INCLUDE_IN_FRAMEWORK_HEADER = YES;
				CODE_SIGN_STYLE = Automatic;
				PRODUCT_NAME = "$(TARGET_NAME)";
			};
			name = Release;
		};
		19D98F1524EBF92600C3B1F1 /* Debug */ = {
			isa = XCBuildConfiguration;
			buildSettings = {
				CODE_SIGN_STYLE = Automatic;
				PRODUCT_NAME = "$(TARGET_NAME)";
			};
			name = Debug;
		};
		19D98F1624EBF92600C3B1F1 /* Release */ = {
			isa = XCBuildConfiguration;
			buildSettings = {
				CODE_SIGN_STYLE = Automatic;
				PRODUCT_NAME = "$(TARGET_NAME)";
			};
			name = Release;
		};
		19D98F2124EBFB1C00C3B1F1 /* Debug */ = {
			isa = XCBuildConfiguration;
			buildSettings = {
				CODE_SIGN_STYLE = Automatic;
				PRODUCT_NAME = "$(TARGET_NAME)";
			};
			name = Debug;
		};
		19D98F2224EBFB1C00C3B1F1 /* Release */ = {
			isa = XCBuildConfiguration;
			buildSettings = {
				CODE_SIGN_STYLE = Automatic;
				PRODUCT_NAME = "$(TARGET_NAME)";
			};
			name = Release;
		};
		19D98F2C24EC00E700C3B1F1 /* Debug */ = {
			isa = XCBuildConfiguration;
			buildSettings = {
				CODE_SIGN_STYLE = Automatic;
				PRODUCT_NAME = "$(TARGET_NAME)";
			};
			name = Debug;
		};
		19D98F2D24EC00E700C3B1F1 /* Release */ = {
			isa = XCBuildConfiguration;
			buildSettings = {
				CODE_SIGN_STYLE = Automatic;
				PRODUCT_NAME = "$(TARGET_NAME)";
			};
			name = Release;
		};
		19D98F3724EC042800C3B1F1 /* Debug */ = {
			isa = XCBuildConfiguration;
			buildSettings = {
				CODE_SIGN_STYLE = Automatic;
				PRODUCT_NAME = "$(TARGET_NAME)";
			};
			name = Debug;
		};
		19D98F3824EC042800C3B1F1 /* Release */ = {
			isa = XCBuildConfiguration;
			buildSettings = {
				CODE_SIGN_STYLE = Automatic;
				PRODUCT_NAME = "$(TARGET_NAME)";
			};
			name = Release;
		};
		19F8077B24E18B7500FB58B3 /* Debug */ = {
			isa = XCBuildConfiguration;
			buildSettings = {
				ALWAYS_SEARCH_USER_PATHS = NO;
				CLANG_ANALYZER_NONNULL = YES;
				CLANG_ANALYZER_NUMBER_OBJECT_CONVERSION = YES_AGGRESSIVE;
				CLANG_CXX_LANGUAGE_STANDARD = "gnu++14";
				CLANG_CXX_LIBRARY = "libc++";
				CLANG_ENABLE_MODULES = YES;
				CLANG_ENABLE_OBJC_ARC = YES;
				CLANG_ENABLE_OBJC_WEAK = YES;
				CLANG_WARN_BLOCK_CAPTURE_AUTORELEASING = YES;
				CLANG_WARN_BOOL_CONVERSION = YES;
				CLANG_WARN_COMMA = YES;
				CLANG_WARN_CONSTANT_CONVERSION = YES;
				CLANG_WARN_DEPRECATED_OBJC_IMPLEMENTATIONS = YES;
				CLANG_WARN_DIRECT_OBJC_ISA_USAGE = YES_ERROR;
				CLANG_WARN_DOCUMENTATION_COMMENTS = YES;
				CLANG_WARN_EMPTY_BODY = YES;
				CLANG_WARN_ENUM_CONVERSION = YES;
				CLANG_WARN_INFINITE_RECURSION = YES;
				CLANG_WARN_INT_CONVERSION = YES;
				CLANG_WARN_NON_LITERAL_NULL_CONVERSION = YES;
				CLANG_WARN_OBJC_IMPLICIT_RETAIN_SELF = YES;
				CLANG_WARN_OBJC_LITERAL_CONVERSION = YES;
				CLANG_WARN_OBJC_ROOT_CLASS = YES_ERROR;
				CLANG_WARN_RANGE_LOOP_ANALYSIS = YES;
				CLANG_WARN_STRICT_PROTOTYPES = YES;
				CLANG_WARN_SUSPICIOUS_MOVE = YES;
				CLANG_WARN_UNGUARDED_AVAILABILITY = YES_AGGRESSIVE;
				CLANG_WARN_UNREACHABLE_CODE = YES;
				CLANG_WARN__DUPLICATE_METHOD_MATCH = YES;
				COPY_PHASE_STRIP = NO;
				DEBUG_INFORMATION_FORMAT = dwarf;
				ENABLE_STRICT_OBJC_MSGSEND = YES;
				ENABLE_TESTABILITY = YES;
				GCC_C_LANGUAGE_STANDARD = gnu11;
				GCC_DYNAMIC_NO_PIC = NO;
				GCC_NO_COMMON_BLOCKS = YES;
				GCC_OPTIMIZATION_LEVEL = 0;
				GCC_PREPROCESSOR_DEFINITIONS = (
					"DEBUG=1",
					"$(inherited)",
				);
				GCC_WARN_64_TO_32_BIT_CONVERSION = YES;
				GCC_WARN_ABOUT_RETURN_TYPE = YES_ERROR;
				GCC_WARN_UNDECLARED_SELECTOR = YES;
				GCC_WARN_UNINITIALIZED_AUTOS = YES_AGGRESSIVE;
				GCC_WARN_UNUSED_FUNCTION = YES;
				GCC_WARN_UNUSED_VARIABLE = YES;
				MACOSX_DEPLOYMENT_TARGET = 10.15;
				MTL_ENABLE_DEBUG_INFO = INCLUDE_SOURCE;
				MTL_FAST_MATH = YES;
				ONLY_ACTIVE_ARCH = YES;
				SDKROOT = macosx;
			};
			name = Debug;
		};
		19F8077C24E18B7500FB58B3 /* Release */ = {
			isa = XCBuildConfiguration;
			buildSettings = {
				ALWAYS_SEARCH_USER_PATHS = NO;
				CLANG_ANALYZER_NONNULL = YES;
				CLANG_ANALYZER_NUMBER_OBJECT_CONVERSION = YES_AGGRESSIVE;
				CLANG_CXX_LANGUAGE_STANDARD = "gnu++14";
				CLANG_CXX_LIBRARY = "libc++";
				CLANG_ENABLE_MODULES = YES;
				CLANG_ENABLE_OBJC_ARC = YES;
				CLANG_ENABLE_OBJC_WEAK = YES;
				CLANG_WARN_BLOCK_CAPTURE_AUTORELEASING = YES;
				CLANG_WARN_BOOL_CONVERSION = YES;
				CLANG_WARN_COMMA = YES;
				CLANG_WARN_CONSTANT_CONVERSION = YES;
				CLANG_WARN_DEPRECATED_OBJC_IMPLEMENTATIONS = YES;
				CLANG_WARN_DIRECT_OBJC_ISA_USAGE = YES_ERROR;
				CLANG_WARN_DOCUMENTATION_COMMENTS = YES;
				CLANG_WARN_EMPTY_BODY = YES;
				CLANG_WARN_ENUM_CONVERSION = YES;
				CLANG_WARN_INFINITE_RECURSION = YES;
				CLANG_WARN_INT_CONVERSION = YES;
				CLANG_WARN_NON_LITERAL_NULL_CONVERSION = YES;
				CLANG_WARN_OBJC_IMPLICIT_RETAIN_SELF = YES;
				CLANG_WARN_OBJC_LITERAL_CONVERSION = YES;
				CLANG_WARN_OBJC_ROOT_CLASS = YES_ERROR;
				CLANG_WARN_RANGE_LOOP_ANALYSIS = YES;
				CLANG_WARN_STRICT_PROTOTYPES = YES;
				CLANG_WARN_SUSPICIOUS_MOVE = YES;
				CLANG_WARN_UNGUARDED_AVAILABILITY = YES_AGGRESSIVE;
				CLANG_WARN_UNREACHABLE_CODE = YES;
				CLANG_WARN__DUPLICATE_METHOD_MATCH = YES;
				COPY_PHASE_STRIP = NO;
				DEBUG_INFORMATION_FORMAT = "dwarf-with-dsym";
				ENABLE_NS_ASSERTIONS = NO;
				ENABLE_STRICT_OBJC_MSGSEND = YES;
				GCC_C_LANGUAGE_STANDARD = gnu11;
				GCC_NO_COMMON_BLOCKS = YES;
				GCC_WARN_64_TO_32_BIT_CONVERSION = YES;
				GCC_WARN_ABOUT_RETURN_TYPE = YES_ERROR;
				GCC_WARN_UNDECLARED_SELECTOR = YES;
				GCC_WARN_UNINITIALIZED_AUTOS = YES_AGGRESSIVE;
				GCC_WARN_UNUSED_FUNCTION = YES;
				GCC_WARN_UNUSED_VARIABLE = YES;
				MACOSX_DEPLOYMENT_TARGET = 10.15;
				MTL_ENABLE_DEBUG_INFO = NO;
				MTL_FAST_MATH = YES;
				SDKROOT = macosx;
			};
			name = Release;
		};
		19F8077E24E18B7500FB58B3 /* Debug */ = {
			isa = XCBuildConfiguration;
			buildSettings = {
				CODE_SIGN_STYLE = Automatic;
				PRODUCT_NAME = "$(TARGET_NAME)";
			};
			name = Debug;
		};
		19F8077F24E18B7500FB58B3 /* Release */ = {
			isa = XCBuildConfiguration;
			buildSettings = {
				CODE_SIGN_STYLE = Automatic;
				PRODUCT_NAME = "$(TARGET_NAME)";
			};
			name = Release;
		};
		19F8078924E18DC100FB58B3 /* Debug */ = {
			isa = XCBuildConfiguration;
			buildSettings = {
				CODE_SIGN_STYLE = Automatic;
				PRODUCT_NAME = "$(TARGET_NAME)";
			};
			name = Debug;
		};
		19F8078A24E18DC100FB58B3 /* Release */ = {
			isa = XCBuildConfiguration;
			buildSettings = {
				CODE_SIGN_STYLE = Automatic;
				PRODUCT_NAME = "$(TARGET_NAME)";
			};
			name = Release;
		};
/* End XCBuildConfiguration section */

/* Begin XCConfigurationList section */
		1973D8942518DF150004D724 /* Build configuration list for PBXNativeTarget "优先队列应用" */ = {
			isa = XCConfigurationList;
			buildConfigurations = (
				1973D8922518DF150004D724 /* Debug */,
				1973D8932518DF150004D724 /* Release */,
			);
			defaultConfigurationIsVisible = 0;
			defaultConfigurationName = Release;
		};
		19780D3724EEAF0B00F0BFB9 /* Build configuration list for PBXNativeTarget "BUAA-OJ13-公公偏头痛" */ = {
			isa = XCConfigurationList;
			buildConfigurations = (
				19780D3524EEAF0B00F0BFB9 /* Debug */,
				19780D3624EEAF0B00F0BFB9 /* Release */,
			);
			defaultConfigurationIsVisible = 0;
			defaultConfigurationName = Release;
		};
		19780D4024EEB2D600F0BFB9 /* Build configuration list for PBXNativeTarget "BUAA-OJ14-名侦探柯南之陷阱" */ = {
			isa = XCConfigurationList;
			buildConfigurations = (
				19780D4124EEB2D600F0BFB9 /* Debug */,
				19780D4224EEB2D600F0BFB9 /* Release */,
			);
			defaultConfigurationIsVisible = 0;
			defaultConfigurationName = Release;
		};
		197A6686251738F2001BCBA8 /* Build configuration list for PBXNativeTarget "BUAA-OJ 感受学长的爱意" */ = {
			isa = XCConfigurationList;
			buildConfigurations = (
				197A6684251738F2001BCBA8 /* Debug */,
				197A6685251738F2001BCBA8 /* Release */,
			);
			defaultConfigurationIsVisible = 0;
			defaultConfigurationName = Release;
		};
		19810D7824E6B3DF0034D2A5 /* Build configuration list for PBXNativeTarget "BUAA-OJ2" */ = {
			isa = XCConfigurationList;
			buildConfigurations = (
				19810D7624E6B3DF0034D2A5 /* Debug */,
				19810D7724E6B3DF0034D2A5 /* Release */,
			);
			defaultConfigurationIsVisible = 0;
			defaultConfigurationName = Release;
		};
		19810D8124E6C6DE0034D2A5 /* Build configuration list for PBXNativeTarget "BUAA-OJ3" */ = {
			isa = XCConfigurationList;
			buildConfigurations = (
				19810D8224E6C6DE0034D2A5 /* Debug */,
				19810D8324E6C6DE0034D2A5 /* Release */,
			);
			defaultConfigurationIsVisible = 0;
			defaultConfigurationName = Release;
		};
		1982F19524E81F3700297F90 /* Build configuration list for PBXNativeTarget "BUAA-OJ7" */ = {
			isa = XCConfigurationList;
			buildConfigurations = (
				1982F19324E81F3700297F90 /* Debug */,
				1982F19424E81F3700297F90 /* Release */,
			);
			defaultConfigurationIsVisible = 0;
			defaultConfigurationName = Release;
		};
		1982F19E24E82EB100297F90 /* Build configuration list for PBXNativeTarget "BUAA-OJ8-creeper学妹的计算题" */ = {
			isa = XCConfigurationList;
			buildConfigurations = (
				1982F19F24E82EB100297F90 /* Debug */,
				1982F1A024E82EB100297F90 /* Release */,
			);
			defaultConfigurationIsVisible = 0;
			defaultConfigurationName = Release;
		};
		1988EB3324EEB877008CECC0 /* Build configuration list for PBXNativeTarget "BUAA-OJ15-名侦探柯南之陷阱升级版" */ = {
			isa = XCConfigurationList;
			buildConfigurations = (
				1988EB3124EEB877008CECC0 /* Debug */,
				1988EB3224EEB877008CECC0 /* Release */,
			);
			defaultConfigurationIsVisible = 0;
			defaultConfigurationName = Release;
		};
		199A603424E80B2800EB3139 /* Build configuration list for PBXNativeTarget "BUAA-OJ4" */ = {
			isa = XCConfigurationList;
			buildConfigurations = (
				199A603224E80B2800EB3139 /* Debug */,
				199A603324E80B2800EB3139 /* Release */,
			);
			defaultConfigurationIsVisible = 0;
			defaultConfigurationName = Release;
		};
		199A603D24E80F1500EB3139 /* Build configuration list for PBXNativeTarget "BUAA-OJ5" */ = {
			isa = XCConfigurationList;
			buildConfigurations = (
				199A603E24E80F1500EB3139 /* Debug */,
				199A603F24E80F1500EB3139 /* Release */,
			);
			defaultConfigurationIsVisible = 0;
			defaultConfigurationName = Release;
		};
		199A604824E81B7000EB3139 /* Build configuration list for PBXNativeTarget "BUAA-OJ6" */ = {
			isa = XCConfigurationList;
			buildConfigurations = (
				199A604924E81B7000EB3139 /* Debug */,
				199A604A24E81B7000EB3139 /* Release */,
			);
			defaultConfigurationIsVisible = 0;
			defaultConfigurationName = Release;
		};
		199C925D25173B9000C61047 /* Build configuration list for PBXNativeTarget "test" */ = {
			isa = XCConfigurationList;
			buildConfigurations = (
				199C925B25173B9000C61047 /* Debug */,
				199C925C25173B9000C61047 /* Release */,
			);
			defaultConfigurationIsVisible = 0;
			defaultConfigurationName = Release;
		};
		19BD5C76251777ED00A0DA79 /* Build configuration list for PBXNativeTarget "判断三角形" */ = {
			isa = XCConfigurationList;
			buildConfigurations = (
				19BD5C74251777ED00A0DA79 /* Debug */,
				19BD5C75251777ED00A0DA79 /* Release */,
			);
			defaultConfigurationIsVisible = 0;
			defaultConfigurationName = Release;
		};
		19BD5C9225177A3100A0DA79 /* Build configuration list for PBXNativeTarget "活着的数" */ = {
			isa = XCConfigurationList;
			buildConfigurations = (
				19BD5C9325177A3100A0DA79 /* Debug */,
				19BD5C9425177A3100A0DA79 /* Release */,
			);
			defaultConfigurationIsVisible = 0;
			defaultConfigurationName = Release;
		};
		19BD5CB12517844100A0DA79 /* Build configuration list for PBXNativeTarget "jhljx水水的签到题" */ = {
			isa = XCConfigurationList;
			buildConfigurations = (
				19BD5CB22517844100A0DA79 /* Debug */,
				19BD5CB32517844100A0DA79 /* Release */,
			);
			defaultConfigurationIsVisible = 0;
			defaultConfigurationName = Release;
		};
		19BD5CD12518DB4700A0DA79 /* Build configuration list for PBXNativeTarget "水水的比较大小" */ = {
			isa = XCConfigurationList;
			buildConfigurations = (
				19BD5CD22518DB4700A0DA79 /* Debug */,
				19BD5CD32518DB4700A0DA79 /* Release */,
			);
			defaultConfigurationIsVisible = 0;
			defaultConfigurationName = Release;
		};
		19D98F1724EBF92600C3B1F1 /* Build configuration list for PBXNativeTarget "BUAA-OJ9-快来帮猪脚" */ = {
			isa = XCConfigurationList;
			buildConfigurations = (
				19D98F1524EBF92600C3B1F1 /* Debug */,
				19D98F1624EBF92600C3B1F1 /* Release */,
			);
			defaultConfigurationIsVisible = 0;
			defaultConfigurationName = Release;
		};
		19D98F2024EBFB1C00C3B1F1 /* Build configuration list for PBXNativeTarget "BUAA-OJ10-大家快来刷TD啊" */ = {
			isa = XCConfigurationList;
			buildConfigurations = (
				19D98F2124EBFB1C00C3B1F1 /* Debug */,
				19D98F2224EBFB1C00C3B1F1 /* Release */,
			);
			defaultConfigurationIsVisible = 0;
			defaultConfigurationName = Release;
		};
		19D98F2B24EC00E700C3B1F1 /* Build configuration list for PBXNativeTarget "BUAA-OJ11-水-a+b" */ = {
			isa = XCConfigurationList;
			buildConfigurations = (
				19D98F2C24EC00E700C3B1F1 /* Debug */,
				19D98F2D24EC00E700C3B1F1 /* Release */,
			);
			defaultConfigurationIsVisible = 0;
			defaultConfigurationName = Release;
		};
		19D98F3624EC042800C3B1F1 /* Build configuration list for PBXNativeTarget "BUAA-OJ12-大家都来分级啦" */ = {
			isa = XCConfigurationList;
			buildConfigurations = (
				19D98F3724EC042800C3B1F1 /* Debug */,
				19D98F3824EC042800C3B1F1 /* Release */,
			);
			defaultConfigurationIsVisible = 0;
			defaultConfigurationName = Release;
		};
		19F8077124E18B7500FB58B3 /* Build configuration list for PBXProject "BAUU-OJ" */ = {
			isa = XCConfigurationList;
			buildConfigurations = (
				19F8077B24E18B7500FB58B3 /* Debug */,
				19F8077C24E18B7500FB58B3 /* Release */,
			);
			defaultConfigurationIsVisible = 0;
			defaultConfigurationName = Release;
		};
		19F8077D24E18B7500FB58B3 /* Build configuration list for PBXNativeTarget "BAUU-OJ" */ = {
			isa = XCConfigurationList;
			buildConfigurations = (
				19F8077E24E18B7500FB58B3 /* Debug */,
				19F8077F24E18B7500FB58B3 /* Release */,
			);
			defaultConfigurationIsVisible = 0;
			defaultConfigurationName = Release;
		};
		19F8078824E18DC100FB58B3 /* Build configuration list for PBXNativeTarget "BAUU-OJ1" */ = {
			isa = XCConfigurationList;
			buildConfigurations = (
				19F8078924E18DC100FB58B3 /* Debug */,
				19F8078A24E18DC100FB58B3 /* Release */,
			);
			defaultConfigurationIsVisible = 0;
			defaultConfigurationName = Release;
		};
/* End XCConfigurationList section */
	};
	rootObject = 19F8076E24E18B7500FB58B3 /* Project object */;
}
